// !$*UTF8*$!
{
	archiveVersion = 1;
	classes = {
	};
	objectVersion = 46;
	objects = {

/* Begin PBXBuildFile section */
		4AA2E93C1FA8C014005C8330 /* AppDelegate.swift in Sources */ = {isa = PBXBuildFile; fileRef = 4AA2E93B1FA8C014005C8330 /* AppDelegate.swift */; };
		4AA2E93E1FA8C014005C8330 /* ViewController.swift in Sources */ = {isa = PBXBuildFile; fileRef = 4AA2E93D1FA8C014005C8330 /* ViewController.swift */; };
		4AA2E9411FA8C014005C8330 /* Main.storyboard in Resources */ = {isa = PBXBuildFile; fileRef = 4AA2E93F1FA8C014005C8330 /* Main.storyboard */; };
		4AA2E9431FA8C014005C8330 /* Assets.xcassets in Resources */ = {isa = PBXBuildFile; fileRef = 4AA2E9421FA8C014005C8330 /* Assets.xcassets */; };
		4AA2E9461FA8C014005C8330 /* LaunchScreen.storyboard in Resources */ = {isa = PBXBuildFile; fileRef = 4AA2E9441FA8C014005C8330 /* LaunchScreen.storyboard */; };
/* End PBXBuildFile section */

/* Begin PBXFileReference section */
		4AA2E9381FA8C014005C8330 /* BaseElementPractice.app */ = {isa = PBXFileReference; explicitFileType = wrapper.application; includeInIndex = 0; path = BaseElementPractice.app; sourceTree = BUILT_PRODUCTS_DIR; };
		4AA2E93B1FA8C014005C8330 /* AppDelegate.swift */ = {isa = PBXFileReference; lastKnownFileType = sourcecode.swift; path = AppDelegate.swift; sourceTree = "<group>"; };
		4AA2E93D1FA8C014005C8330 /* ViewController.swift */ = {isa = PBXFileReference; lastKnownFileType = sourcecode.swift; path = ViewController.swift; sourceTree = "<group>"; };
		4AA2E9401FA8C014005C8330 /* Base */ = {isa = PBXFileReference; lastKnownFileType = file.storyboard; name = Base; path = Base.lproj/Main.storyboard; sourceTree = "<group>"; };
		4AA2E9421FA8C014005C8330 /* Assets.xcassets */ = {isa = PBXFileReference; lastKnownFileType = folder.assetcatalog; path = Assets.xcassets; sourceTree = "<group>"; };
		4AA2E9451FA8C014005C8330 /* Base */ = {isa = PBXFileReference; lastKnownFileType = file.storyboard; name = Base; path = Base.lproj/LaunchScreen.storyboard; sourceTree = "<group>"; };
		4AA2E9471FA8C014005C8330 /* Info.plist */ = {isa = PBXFileReference; lastKnownFileType = text.plist.xml; path = Info.plist; sourceTree = "<group>"; };
/* End PBXFileReference section */

/* Begin PBXFrameworksBuildPhase section */
		4AA2E9351FA8C014005C8330 /* Frameworks */ = {
			isa = PBXFrameworksBuildPhase;
			buildActionMask = 2147483647;
			files = (
			);
			runOnlyForDeploymentPostprocessing = 0;
		};
/* End PBXFrameworksBuildPhase section */

/* Begin PBXGroup section */
		4AA2E92F1FA8C014005C8330 = {
			isa = PBXGroup;
			children = (
				4AA2E93A1FA8C014005C8330 /* BaseElementPractice */,
				4AA2E9391FA8C014005C8330 /* Products */,
			);
			sourceTree = "<group>";
		};
		4AA2E9391FA8C014005C8330 /* Products */ = {
			isa = PBXGroup;
			children = (
				4AA2E9381FA8C014005C8330 /* BaseElementPractice.app */,
			);
			name = Products;
			sourceTree = "<group>";
		};
		4AA2E93A1FA8C014005C8330 /* BaseElementPractice */ = {
			isa = PBXGroup;
			children = (
				4AA2E93B1FA8C014005C8330 /* AppDelegate.swift */,
				4AA2E93D1FA8C014005C8330 /* ViewController.swift */,
				4AA2E93F1FA8C014005C8330 /* Main.storyboard */,
				4AA2E9421FA8C014005C8330 /* Assets.xcassets */,
				4AA2E9441FA8C014005C8330 /* LaunchScreen.storyboard */,
				4AA2E9471FA8C014005C8330 /* Info.plist */,
			);
			path = BaseElementPractice;
			sourceTree = "<group>";
		};
/* End PBXGroup section */

/* Begin PBXNativeTarget section */
		4AA2E9371FA8C014005C8330 /* BaseElementPractice */ = {
			isa = PBXNativeTarget;
			buildConfigurationList = 4AA2E94A1FA8C014005C8330 /* Build configuration list for PBXNativeTarget "BaseElementPractice" */;
			buildPhases = (
				4AA2E9341FA8C014005C8330 /* Sources */,
				4AA2E9351FA8C014005C8330 /* Frameworks */,
				4AA2E9361FA8C014005C8330 /* Resources */,
			);
			buildRules = (
			);
			dependencies = (
			);
			name = BaseElementPractice;
			productName = BaseElementPractice;
			productReference = 4AA2E9381FA8C014005C8330 /* BaseElementPractice.app */;
			productType = "com.apple.product-type.application";
		};
/* End PBXNativeTarget section */

/* Begin PBXProject section */
		4AA2E9301FA8C014005C8330 /* Project object */ = {
			isa = PBXProject;
			attributes = {
				LastSwiftUpdateCheck = 0830;
				LastUpgradeCheck = 0830;
				ORGANIZATIONNAME = HarryChung;
				TargetAttributes = {
					4AA2E9371FA8C014005C8330 = {
						CreatedOnToolsVersion = 8.3.3;
						ProvisioningStyle = Automatic;
					};
				};
			};
			buildConfigurationList = 4AA2E9331FA8C014005C8330 /* Build configuration list for PBXProject "BaseElementPractice" */;
			compatibilityVersion = "Xcode 3.2";
			developmentRegion = English;
			hasScannedForEncodings = 0;
			knownRegions = (
				en,
				Base,
			);
			mainGroup = 4AA2E92F1FA8C014005C8330;
			productRefGroup = 4AA2E9391FA8C014005C8330 /* Products */;
			projectDirPath = "";
			projectRoot = "";
			targets = (
				4AA2E9371FA8C014005C8330 /* BaseElementPractice */,
			);
		};
/* End PBXProject section */

/* Begin PBXResourcesBuildPhase section */
		4AA2E9361FA8C014005C8330 /* Resources */ = {
			isa = PBXResourcesBuildPhase;
			buildActionMask = 2147483647;
			files = (
				4AA2E9461FA8C014005C8330 /* LaunchScreen.storyboard in Resources */,
				4AA2E9431FA8C014005C8330 /* Assets.xcassets in Resources */,
				4AA2E9411FA8C014005C8330 /* Main.storyboard in Resources */,
			);
			runOnlyForDeploymentPostprocessing = 0;
		};
/* End PBXResourcesBuildPhase section */

/* Begin PBXSourcesBuildPhase section */
		4AA2E9341FA8C014005C8330 /* Sources */ = {
			isa = PBXSourcesBuildPhase;
			buildActionMask = 2147483647;
			files = (
				4AA2E93E1FA8C014005C8330 /* ViewController.swift in Sources */,
				4AA2E93C1FA8C014005C8330 /* AppDelegate.swift in Sources */,
			);
			runOnlyForDeploymentPostprocessing = 0;
		};
/* End PBXSourcesBuildPhase section */

/* Begin PBXVariantGroup section */
		4AA2E93F1FA8C014005C8330 /* Main.storyboard */ = {
			isa = PBXVariantGroup;
			children = (
				4AA2E9401FA8C014005C8330 /* Base */,
			);
			name = Main.storyboard;
			sourceTree = "<group>";
		};
		4AA2E9441FA8C014005C8330 /* LaunchScreen.storyboard */ = {
			isa = PBXVariantGroup;
			children = (
				4AA2E9451FA8C014005C8330 /* Base */,
			);
			name = LaunchScreen.storyboard;
			sourceTree = "<group>";
		};
/* End PBXVariantGroup section */

/* Begin XCBuildConfiguration section */
		4AA2E9481FA8C014005C8330 /* Debug */ = {
			isa = XCBuildConfiguration;
			buildSettings = {
				ALWAYS_SEARCH_USER_PATHS = NO;
				CLANG_ANALYZER_NONNULL = YES;
				CLANG_ANALYZER_NUMBER_OBJECT_CONVERSION = YES_AGGRESSIVE;
				CLANG_CXX_LANGUAGE_STANDARD = "gnu++0x";
				CLANG_CXX_LIBRARY = "libc++";
				CLANG_ENABLE_MODULES = YES;
				CLANG_ENABLE_OBJC_ARC = YES;
				CLANG_WARN_BOOL_CONVERSION = YES;
				CLANG_WARN_CONSTANT_CONVERSION = YES;
				CLANG_WARN_DIRECT_OBJC_ISA_USAGE = YES_ERROR;
				CLANG_WARN_DOCUMENTATION_COMMENTS = YES;
				CLANG_WARN_EMPTY_BODY = YES;
				CLANG_WARN_ENUM_CONVERSION = YES;
				CLANG_WARN_INFINITE_RECURSION = YES;
				CLANG_WARN_INT_CONVERSION = YES;
				CLANG_WARN_OBJC_ROOT_CLASS = YES_ERROR;
				CLANG_WARN_SUSPICIOUS_MOVE = YES;
				CLANG_WARN_UNREACHABLE_CODE = YES;
				CLANG_WARN__DUPLICATE_METHOD_MATCH = YES;
				"CODE_SIGN_IDENTITY[sdk=iphoneos*]" = "iPhone Developer";
				COPY_PHASE_STRIP = NO;
				DEBUG_INFORMATION_FORMAT = dwarf;
				ENABLE_STRICT_OBJC_MSGSEND = YES;
				ENABLE_TESTABILITY = YES;
				GCC_C_LANGUAGE_STANDARD = gnu99;
				GCC_DYNAMIC_NO_PIC = NO;
				GCC_NO_COMMON_BLOCKS = YES;
				GCC_OPTIMIZATION_LEVEL = 0;
				GCC_PREPROCESSOR_DEFINITIONS = (
					"DEBUG=1",
					"$(inherited)",
				);
				GCC_WARN_64_TO_32_BIT_CONVERSION = YES;
				GCC_WARN_ABOUT_RETURN_TYPE = YES_ERROR;
				GCC_WARN_UNDECLARED_SELECTOR = YES;
				GCC_WARN_UNINITIALIZED_AUTOS = YES_AGGRESSIVE;
				GCC_WARN_UNUSED_FUNCTION = YES;
				GCC_WARN_UNUSED_VARIABLE = YES;
				IPHONEOS_DEPLOYMENT_TARGET = 10.3;
				MTL_ENABLE_DEBUG_INFO = YES;
				ONLY_ACTIVE_ARCH = YES;
				SDKROOT = iphoneos;
				SWIFT_ACTIVE_COMPILATION_CONDITIONS = DEBUG;
				SWIFT_OPTIMIZATION_LEVEL = "-Onone";
			};
			name = Debug;
		};
		4AA2E9491FA8C014005C8330 /* Release */ = {
			isa = XCBuildConfiguration;
			buildSettings = {
				ALWAYS_SEARCH_USER_PATHS = NO;
				CLANG_ANALYZER_NONNULL = YES;
				CLANG_ANALYZER_NUMBER_OBJECT_CONVERSION = YES_AGGRESSIVE;
				CLANG_CXX_LANGUAGE_STANDARD = "gnu++0x";
				CLANG_CXX_LIBRARY = "libc++";
				CLANG_ENABLE_MODULES = YES;
				CLANG_ENABLE_OBJC_ARC = YES;
				CLANG_WARN_BOOL_CONVERSION = YES;
				CLANG_WARN_CONSTANT_CONVERSION = YES;
				CLANG_WARN_DIRECT_OBJC_ISA_USAGE = YES_ERROR;
				CLANG_WARN_DOCUMENTATION_COMMENTS = YES;
				CLANG_WARN_EMPTY_BODY = YES;
				CLANG_WARN_ENUM_CONVERSION = YES;
				CLANG_WARN_INFINITE_RECURSION = YES;
				CLANG_WARN_INT_CONVERSION = YES;
				CLANG_WARN_OBJC_ROOT_CLASS = YES_ERROR;
				CLANG_WARN_SUSPICIOUS_MOVE = YES;
				CLANG_WARN_UNREACHABLE_CODE = YES;
				CLANG_WARN__DUPLICATE_METHOD_MATCH = YES;
				"CODE_SIGN_IDENTITY[sdk=iphoneos*]" = "iPhone Developer";
				COPY_PHASE_STRIP = NO;
				DEBUG_INFORMATION_FORMAT = "dwarf-with-dsym";
				ENABLE_NS_ASSERTIONS = NO;
				ENABLE_STRICT_OBJC_MSGSEND = YES;
				GCC_C_LANGUAGE_STANDARD = gnu99;
				GCC_NO_COMMON_BLOCKS = YES;
				GCC_WARN_64_TO_32_BIT_CONVERSION = YES;
				GCC_WARN_ABOUT_RETURN_TYPE = YES_ERROR;
				GCC_WARN_UNDECLARED_SELECTOR = YES;
				GCC_WARN_UNINITIALIZED_AUTOS = YES_AGGRESSIVE;
				GCC_WARN_UNUSED_FUNCTION = YES;
				GCC_WARN_UNUSED_VARIABLE = YES;
				IPHONEOS_DEPLOYMENT_TARGET = 10.3;
				MTL_ENABLE_DEBUG_INFO = NO;
				SDKROOT = iphoneos;
				SWIFT_OPTIMIZATION_LEVEL = "-Owholemodule";
				VALIDATE_PRODUCT = YES;
			};
			name = Release;
		};
		4AA2E94B1FA8C014005C8330 /* Debug */ = {
			isa = XCBuildConfiguration;
			buildSettings = {
				ASSETCATALOG_COMPILER_APPICON_NAME = AppIcon;
				INFOPLIST_FILE = BaseElementPractice/Info.plist;
				LD_RUNPATH_SEARCH_PATHS = "$(inherited) @executable_path/Frameworks";
				PRODUCT_BUNDLE_IDENTIFIER = com.HelloWord.BaseElementPractice;
				PRODUCT_NAME = "$(TARGET_NAME)";
				SWIFT_VERSION = 3.0;
			};
			name = Debug;
		};
		4AA2E94C1FA8C014005C8330 /* Release */ = {
			isa = XCBuildConfiguration;
			buildSettings = {
				ASSETCATALOG_COMPILER_APPICON_NAME = AppIcon;
				INFOPLIST_FILE = BaseElementPractice/Info.plist;
				LD_RUNPATH_SEARCH_PATHS = "$(inherited) @executable_path/Frameworks";
				PRODUCT_BUNDLE_IDENTIFIER = com.HelloWord.BaseElementPractice;
				PRODUCT_NAME = "$(TARGET_NAME)";
				SWIFT_VERSION = 3.0;
			};
			name = Release;
		};
/* End XCBuildConfiguration section */

/* Begin XCConfigurationList section */
		4AA2E9331FA8C014005C8330 /* Build configuration list for PBXProject "BaseElementPractice" */ = {
			isa = XCConfigurationList;
			buildConfigurations = (
				4AA2E9481FA8C014005C8330 /* Debug */,
				4AA2E9491FA8C014005C8330 /* Release */,
			);
			defaultConfigurationIsVisible = 0;
			defaultConfigurationName = Release;
		};
		4AA2E94A1FA8C014005C8330 /* Build configuration list for PBXNativeTarget "BaseElementPractice" */ = {
			isa = XCConfigurationList;
			buildConfigurations = (
				4AA2E94B1FA8C014005C8330 /* Debug */,
				4AA2E94C1FA8C014005C8330 /* Release */,
			);
			defaultConfigurationIsVisible = 0;
		};
/* End XCConfigurationList section */
	};
	rootObject = 4AA2E9301FA8C014005C8330 /* Project object */;
}
